
Microsoft Visual Studio Solution File, Format Version 12.00
# Visual Studio Version 16
VisualStudioVersion = 16.0.29009.5
MinimumVisualStudioVersion = 10.0.40219.1
Project("{FAE04EC0-301F-11D3-BF4B-00C04F79EFBC}") = "小窗口", "小窗口.csproj", "{835AC80F-FB65-4F1E-A8CF-5D99EBA4A97F}"
EndProject
Project("{FAE04EC0-301F-11D3-BF4B-00C04F79EFBC}") = "SQL", "..\SQL\SQL.csproj", "{A864B8F3-E54F-4DDF-82BF-75370F17FDFD}"
EndProject
Global
	GlobalSection(SolutionConfigurationPlatforms) = preSolution
		Debug|Any CPU = Debug|Any CPU
		Release|Any CPU = Release|Any CPU
	EndGlobalSection
	GlobalSection(ProjectConfigurationPlatforms) = postSolution
		{835AC80F-FB65-4F1E-A8CF-5D99EBA4A97F}.Debug|Any CPU.ActiveCfg = Debug|Any CPU
		{835AC80F-FB65-4F1E-A8CF-5D99EBA4A97F}.Debug|Any CPU.Build.0 = Debug|Any CPU
		{835AC80F-FB65-4F1E-A8CF-5D99EBA4A97F}.Release|Any CPU.ActiveCfg = Release|Any CPU
		{835AC80F-FB65-4F1E-A8CF-5D99EBA4A97F}.Release|Any CPU.Build.0 = Release|Any CPU
		{A864B8F3-E54F-4DDF-82BF-75370F17FDFD}.Debug|Any CPU.ActiveCfg = Debug|Any CPU
		{A864B8F3-E54F-4DDF-82BF-75370F17FDFD}.Debug|Any CPU.Build.0 = Debug|Any CPU
		{A864B8F3-E54F-4DDF-82BF-75370F17FDFD}.Release|Any CPU.ActiveCfg = Release|Any CPU
		{A864B8F3-E54F-4DDF-82BF-75370F17FDFD}.Release|Any CPU.Build.0 = Release|Any CPU
	EndGlobalSection
	GlobalSection(SolutionProperties) = preSolution
		HideSolutionNode = FALSE
	EndGlobalSection
	GlobalSection(ExtensibilityGlobals) = postSolution
		SolutionGuid = {01AE9592-58A6-4250-AEC0-0BB75ED33B44}
	EndGlobalSection
EndGlobal
